
Microsoft Visual Studio Solution File, Format Version 12.00
# Visual Studio Version 17
VisualStudioVersion = 17.2.32526.322
MinimumVisualStudioVersion = 10.0.40219.1
Project("{FAE04EC0-301F-11D3-BF4B-00C04F79EFBC}") = "EmployeeManagement", "EmployeeManagement.csproj", "{203A75CA-CAC5-41D2-BE9F-981CF6E3C04B}"
EndProject
Project("{FAE04EC0-301F-11D3-BF4B-00C04F79EFBC}") = "EmployeeManagement.Views", "..\EmployeeManagement.Views\EmployeeManagement.Views.csproj", "{ED3512B2-A9DC-446A-A139-871A930718CC}"
EndProject
Project("{FAE04EC0-301F-11D3-BF4B-00C04F79EFBC}") = "EmployeeManagement.ViewModels", "..\EmployeeManagement.ViewModels\EmployeeManagement.ViewModels.csproj", "{BC92BFA7-486C-4290-8E43-10A1E6B10E93}"
EndProject
Project("{FAE04EC0-301F-11D3-BF4B-00C04F79EFBC}") = "EmployeeManagement.Models", "..\EmployeeManagement.Models\EmployeeManagement.Models.csproj", "{F2CEFCA9-CFD8-40F3-BDCD-1F48CEC94C8C}"
EndProject
Project("{FAE04EC0-301F-11D3-BF4B-00C04F79EFBC}") = "EmployeeManagement.Repository", "..\EmployeeManagement.Repository\EmployeeManagement.Repository.csproj", "{99DDC8A8-4FE5-4BAE-8AD0-2CE234C91C40}"
EndProject
Global
	GlobalSection(SolutionConfigurationPlatforms) = preSolution
		Debug|Any CPU = Debug|Any CPU
		Release|Any CPU = Release|Any CPU
	EndGlobalSection
	GlobalSection(ProjectConfigurationPlatforms) = postSolution
		{203A75CA-CAC5-41D2-BE9F-981CF6E3C04B}.Debug|Any CPU.ActiveCfg = Debug|Any CPU
		{203A75CA-CAC5-41D2-BE9F-981CF6E3C04B}.Debug|Any CPU.Build.0 = Debug|Any CPU
		{203A75CA-CAC5-41D2-BE9F-981CF6E3C04B}.Release|Any CPU.ActiveCfg = Release|Any CPU
		{203A75CA-CAC5-41D2-BE9F-981CF6E3C04B}.Release|Any CPU.Build.0 = Release|Any CPU
		{ED3512B2-A9DC-446A-A139-871A930718CC}.Debug|Any CPU.ActiveCfg = Debug|Any CPU
		{ED3512B2-A9DC-446A-A139-871A930718CC}.Debug|Any CPU.Build.0 = Debug|Any CPU
		{ED3512B2-A9DC-446A-A139-871A930718CC}.Release|Any CPU.ActiveCfg = Release|Any CPU
		{ED3512B2-A9DC-446A-A139-871A930718CC}.Release|Any CPU.Build.0 = Release|Any CPU
		{BC92BFA7-486C-4290-8E43-10A1E6B10E93}.Debug|Any CPU.ActiveCfg = Debug|Any CPU
		{BC92BFA7-486C-4290-8E43-10A1E6B10E93}.Debug|Any CPU.Build.0 = Debug|Any CPU
		{BC92BFA7-486C-4290-8E43-10A1E6B10E93}.Release|Any CPU.ActiveCfg = Release|Any CPU
		{BC92BFA7-486C-4290-8E43-10A1E6B10E93}.Release|Any CPU.Build.0 = Release|Any CPU
		{F2CEFCA9-CFD8-40F3-BDCD-1F48CEC94C8C}.Debug|Any CPU.ActiveCfg = Debug|Any CPU
		{F2CEFCA9-CFD8-40F3-BDCD-1F48CEC94C8C}.Debug|Any CPU.Build.0 = Debug|Any CPU
		{F2CEFCA9-CFD8-40F3-BDCD-1F48CEC94C8C}.Release|Any CPU.ActiveCfg = Release|Any CPU
		{F2CEFCA9-CFD8-40F3-BDCD-1F48CEC94C8C}.Release|Any CPU.Build.0 = Release|Any CPU
		{99DDC8A8-4FE5-4BAE-8AD0-2CE234C91C40}.Debug|Any CPU.ActiveCfg = Debug|Any CPU
		{99DDC8A8-4FE5-4BAE-8AD0-2CE234C91C40}.Debug|Any CPU.Build.0 = Debug|Any CPU
		{99DDC8A8-4FE5-4BAE-8AD0-2CE234C91C40}.Release|Any CPU.ActiveCfg = Release|Any CPU
		{99DDC8A8-4FE5-4BAE-8AD0-2CE234C91C40}.Release|Any CPU.Build.0 = Release|Any CPU
	EndGlobalSection
	GlobalSection(SolutionProperties) = preSolution
		HideSolutionNode = FALSE
	EndGlobalSection
	GlobalSection(ExtensibilityGlobals) = postSolution
		SolutionGuid = {4BB1690A-09D6-4BD2-9D46-DA59971136D7}
	EndGlobalSection
EndGlobal
